
Microsoft Visual Studio Solution File, Format Version 12.00
# Visual Studio Version 16
VisualStudioVersion = 16.0.29709.97
MinimumVisualStudioVersion = 10.0.40219.1
Project("{9A19103F-16F7-4668-BE54-9A1E7A4F7556}") = "HelloWorld", "HelloWorld\HelloWorld.csproj", "{44F57F96-5C8E-4BB1-8EFD-0FF4AB6E9309}"
EndProject
Project("{9A19103F-16F7-4668-BE54-9A1E7A4F7556}") = "Assignment1", "Assignment1\Assignment1.csproj", "{A10FA117-884A-4C3E-B8DF-532680CD273E}"
EndProject
Project("{9A19103F-16F7-4668-BE54-9A1E7A4F7556}") = "Assignment3", "Assignment3\Assignment3.csproj", "{6E9311FF-C184-4C55-B3E0-3CB19D8A8F89}"
EndProject
Project("{9A19103F-16F7-4668-BE54-9A1E7A4F7556}") = "inClassWeek3", "inClassWeek3\inClassWeek3.csproj", "{7DC5E772-DE1C-47C1-82D3-5F992BC49A8A}"
EndProject
Project("{9A19103F-16F7-4668-BE54-9A1E7A4F7556}") = "Assignment4", "Assignment4\Assignment4.csproj", "{CA5E0132-28F1-4595-960F-DFECE8AD58EA}"
EndProject
Project("{9A19103F-16F7-4668-BE54-9A1E7A4F7556}") = "inClassWeek4", "inClassWeek4\inClassWeek4.csproj", "{271B54F5-7EC2-4A68-80C5-004DC035F3E2}"
EndProject
Project("{FAE04EC0-301F-11D3-BF4B-00C04F79EFBC}") = "Assignment5", "Assignment5\Assignment5.csproj", "{C2919C7F-FBFF-4176-87F3-1283A5281AF0}"
EndProject
Global
	GlobalSection(SolutionConfigurationPlatforms) = preSolution
		Debug|Any CPU = Debug|Any CPU
		Release|Any CPU = Release|Any CPU
	EndGlobalSection
	GlobalSection(ProjectConfigurationPlatforms) = postSolution
		{44F57F96-5C8E-4BB1-8EFD-0FF4AB6E9309}.Debug|Any CPU.ActiveCfg = Debug|Any CPU
		{44F57F96-5C8E-4BB1-8EFD-0FF4AB6E9309}.Debug|Any CPU.Build.0 = Debug|Any CPU
		{44F57F96-5C8E-4BB1-8EFD-0FF4AB6E9309}.Release|Any CPU.ActiveCfg = Release|Any CPU
		{44F57F96-5C8E-4BB1-8EFD-0FF4AB6E9309}.Release|Any CPU.Build.0 = Release|Any CPU
		{A10FA117-884A-4C3E-B8DF-532680CD273E}.Debug|Any CPU.ActiveCfg = Debug|Any CPU
		{A10FA117-884A-4C3E-B8DF-532680CD273E}.Debug|Any CPU.Build.0 = Debug|Any CPU
		{A10FA117-884A-4C3E-B8DF-532680CD273E}.Release|Any CPU.ActiveCfg = Release|Any CPU
		{A10FA117-884A-4C3E-B8DF-532680CD273E}.Release|Any CPU.Build.0 = Release|Any CPU
		{6E9311FF-C184-4C55-B3E0-3CB19D8A8F89}.Debug|Any CPU.ActiveCfg = Debug|Any CPU
		{6E9311FF-C184-4C55-B3E0-3CB19D8A8F89}.Debug|Any CPU.Build.0 = Debug|Any CPU
		{6E9311FF-C184-4C55-B3E0-3CB19D8A8F89}.Release|Any CPU.ActiveCfg = Release|Any CPU
		{6E9311FF-C184-4C55-B3E0-3CB19D8A8F89}.Release|Any CPU.Build.0 = Release|Any CPU
		{7DC5E772-DE1C-47C1-82D3-5F992BC49A8A}.Debug|Any CPU.ActiveCfg = Debug|Any CPU
		{7DC5E772-DE1C-47C1-82D3-5F992BC49A8A}.Debug|Any CPU.Build.0 = Debug|Any CPU
		{7DC5E772-DE1C-47C1-82D3-5F992BC49A8A}.Release|Any CPU.ActiveCfg = Release|Any CPU
		{7DC5E772-DE1C-47C1-82D3-5F992BC49A8A}.Release|Any CPU.Build.0 = Release|Any CPU
		{CA5E0132-28F1-4595-960F-DFECE8AD58EA}.Debug|Any CPU.ActiveCfg = Debug|Any CPU
		{CA5E0132-28F1-4595-960F-DFECE8AD58EA}.Debug|Any CPU.Build.0 = Debug|Any CPU
		{CA5E0132-28F1-4595-960F-DFECE8AD58EA}.Release|Any CPU.ActiveCfg = Release|Any CPU
		{CA5E0132-28F1-4595-960F-DFECE8AD58EA}.Release|Any CPU.Build.0 = Release|Any CPU
		{271B54F5-7EC2-4A68-80C5-004DC035F3E2}.Debug|Any CPU.ActiveCfg = Debug|Any CPU
		{271B54F5-7EC2-4A68-80C5-004DC035F3E2}.Debug|Any CPU.Build.0 = Debug|Any CPU
		{271B54F5-7EC2-4A68-80C5-004DC035F3E2}.Release|Any CPU.ActiveCfg = Release|Any CPU
		{271B54F5-7EC2-4A68-80C5-004DC035F3E2}.Release|Any CPU.Build.0 = Release|Any CPU
		{C2919C7F-FBFF-4176-87F3-1283A5281AF0}.Debug|Any CPU.ActiveCfg = Debug|Any CPU
		{C2919C7F-FBFF-4176-87F3-1283A5281AF0}.Debug|Any CPU.Build.0 = Debug|Any CPU
		{C2919C7F-FBFF-4176-87F3-1283A5281AF0}.Release|Any CPU.ActiveCfg = Release|Any CPU
		{C2919C7F-FBFF-4176-87F3-1283A5281AF0}.Release|Any CPU.Build.0 = Release|Any CPU
	EndGlobalSection
	GlobalSection(SolutionProperties) = preSolution
		HideSolutionNode = FALSE
	EndGlobalSection
	GlobalSection(ExtensibilityGlobals) = postSolution
		SolutionGuid = {DEACBAC3-A4A3-4F57-B05B-C1C54AD868A5}
	EndGlobalSection
EndGlobal
